
Microsoft Visual Studio Solution File, Format Version 12.00
# Visual Studio 2013
VisualStudioVersion = 12.0.30723.0
MinimumVisualStudioVersion = 10.0.40219.1
Project("{FAE04EC0-301F-11D3-BF4B-00C04F79EFBC}") = "Equationator.UnitTests", "Equationator.UnitTests\Equationator.UnitTests.csproj", "{348D0CAF-AF8F-4DD7-9F40-E90D2B2AB206}"
EndProject
Project("{D954291E-2A0B-460D-934E-DC6B0785DB48}") = "Equationator.Shared", "Equationator.Shared\Equationator.Shared.shproj", "{8869EA87-E706-4AAC-9D1C-3D59CBD374F9}"
EndProject
Project("{2150E333-8FDC-42A3-9474-1A3956D46DE8}") = ".nuget", ".nuget", "{01380CFC-7AA0-4715-89E9-C2816CAD9379}"
	ProjectSection(SolutionItems) = preProject
		.nuget\NuGet.Config = .nuget\NuGet.Config
		.nuget\NuGet.exe = .nuget\NuGet.exe
		.nuget\NuGet.targets = .nuget\NuGet.targets
	EndProjectSection
EndProject
Global
	GlobalSection(SharedMSBuildProjectFiles) = preSolution
		Equationator.Shared\Equationator.Shared.projitems*{8869ea87-e706-4aac-9d1c-3d59cbd374f9}*SharedItemsImports = 13
		Equationator.Shared\Equationator.Shared.projitems*{348d0caf-af8f-4dd7-9f40-e90d2b2ab206}*SharedItemsImports = 4
	EndGlobalSection
	GlobalSection(SolutionConfigurationPlatforms) = preSolution
		Debug|Any CPU = Debug|Any CPU
		Release|Any CPU = Release|Any CPU
	EndGlobalSection
	GlobalSection(ProjectConfigurationPlatforms) = postSolution
		{348D0CAF-AF8F-4DD7-9F40-E90D2B2AB206}.Debug|Any CPU.ActiveCfg = Debug|Any CPU
		{348D0CAF-AF8F-4DD7-9F40-E90D2B2AB206}.Debug|Any CPU.Build.0 = Debug|Any CPU
		{348D0CAF-AF8F-4DD7-9F40-E90D2B2AB206}.Release|Any CPU.ActiveCfg = Release|Any CPU
		{348D0CAF-AF8F-4DD7-9F40-E90D2B2AB206}.Release|Any CPU.Build.0 = Release|Any CPU
	EndGlobalSection
	GlobalSection(SolutionProperties) = preSolution
		HideSolutionNode = FALSE
	EndGlobalSection
	GlobalSection(MonoDevelopProperties) = preSolution
		StartupItem = Equationator.UnitTests\Equationator.UnitTests.csproj
	EndGlobalSection
EndGlobal
