
Microsoft Visual Studio Solution File, Format Version 12.00
# Visual Studio 14
VisualStudioVersion = 14.0.25123.0
MinimumVisualStudioVersion = 10.0.40219.1
Project("{FAE04EC0-301F-11D3-BF4B-00C04F79EFBC}") = "Equationator.Tests", "Equationator.Tests\Equationator.Tests.csproj", "{F558CDF8-AA99-4B65-B30F-298BB650C3CB}"
EndProject
Project("{FAE04EC0-301F-11D3-BF4B-00C04F79EFBC}") = "Equationator.PCL", "Equationator.PCL\Equationator.PCL.csproj", "{67F9D3A8-F71E-4428-913F-C37AE82CDB24}"
EndProject
Project("{FAE04EC0-301F-11D3-BF4B-00C04F79EFBC}") = "Equationator.Android", "Equationator.Android\Equationator.Android.csproj", "{B5CCA3B3-A231-450B-8A75-6400CDDB54C7}"
EndProject
Project("{FAE04EC0-301F-11D3-BF4B-00C04F79EFBC}") = "Equationator.iOS", "Equationator.iOS\Equationator.iOS.csproj", "{2B437108-1124-42D2-AF03-3A68218E5C3D}"
EndProject
Project("{2150E333-8FDC-42A3-9474-1A3956D46DE8}") = "Solution Items", "Solution Items", "{23F7CB7B-DA86-453A-8AFB-C2E3A34DAF96}"
	ProjectSection(SolutionItems) = preProject
		buildNugetPackages.ps1 = buildNugetPackages.ps1
		Equationator.nuspec = Equationator.nuspec
	EndProjectSection
EndProject
Project("{FAE04EC0-301F-11D3-BF4B-00C04F79EFBC}") = "Equationator.WindowsUniversal", "Equationator.WindowsUniversal\Equationator.WindowsUniversal.csproj", "{B3BA326A-3E8C-404B-9D1F-C0E96A5B3EEA}"
EndProject
Project("{FAE04EC0-301F-11D3-BF4B-00C04F79EFBC}") = "Equationator.DesktopGL", "Equationator.DesktopGL\Equationator.DesktopGL.csproj", "{462E461D-E450-4D3E-8273-E6E2AF3F5CEC}"
EndProject
Project("{D954291E-2A0B-460D-934E-DC6B0785DB48}") = "Equationator.SharedProject", "Equationator.SharedProject\Equationator.SharedProject.shproj", "{D2C0318C-1469-48C6-A314-36B94FC3DA83}"
EndProject
Global
	GlobalSection(SharedMSBuildProjectFiles) = preSolution
		Equationator.SharedProject\Equationator.SharedProject.projitems*{d2c0318c-1469-48c6-a314-36b94fc3da83}*SharedItemsImports = 13
		Equationator.SharedProject\Equationator.SharedProject.projitems*{462e461d-e450-4d3e-8273-e6e2af3f5cec}*SharedItemsImports = 4
		Equationator.SharedProject\Equationator.SharedProject.projitems*{b3ba326a-3e8c-404b-9d1f-c0e96a5b3eea}*SharedItemsImports = 4
		Equationator.SharedProject\Equationator.SharedProject.projitems*{67f9d3a8-f71e-4428-913f-c37ae82cdb24}*SharedItemsImports = 4
		Equationator.SharedProject\Equationator.SharedProject.projitems*{b5cca3b3-a231-450b-8a75-6400cddb54c7}*SharedItemsImports = 4
	EndGlobalSection
	GlobalSection(SolutionConfigurationPlatforms) = preSolution
		AppStore|Any CPU = AppStore|Any CPU
		AppStore|ARM = AppStore|ARM
		AppStore|x64 = AppStore|x64
		AppStore|x86 = AppStore|x86
		Debug|Any CPU = Debug|Any CPU
		Debug|ARM = Debug|ARM
		Debug|x64 = Debug|x64
		Debug|x86 = Debug|x86
		Release|Any CPU = Release|Any CPU
		Release|ARM = Release|ARM
		Release|x64 = Release|x64
		Release|x86 = Release|x86
	EndGlobalSection
	GlobalSection(ProjectConfigurationPlatforms) = postSolution
		{F558CDF8-AA99-4B65-B30F-298BB650C3CB}.AppStore|Any CPU.ActiveCfg = Release|Any CPU
		{F558CDF8-AA99-4B65-B30F-298BB650C3CB}.AppStore|Any CPU.Build.0 = Release|Any CPU
		{F558CDF8-AA99-4B65-B30F-298BB650C3CB}.AppStore|ARM.ActiveCfg = Debug|Any CPU
		{F558CDF8-AA99-4B65-B30F-298BB650C3CB}.AppStore|ARM.Build.0 = Debug|Any CPU
		{F558CDF8-AA99-4B65-B30F-298BB650C3CB}.AppStore|x64.ActiveCfg = Release|x64
		{F558CDF8-AA99-4B65-B30F-298BB650C3CB}.AppStore|x64.Build.0 = Release|x64
		{F558CDF8-AA99-4B65-B30F-298BB650C3CB}.AppStore|x86.ActiveCfg = Release|x86
		{F558CDF8-AA99-4B65-B30F-298BB650C3CB}.AppStore|x86.Build.0 = Release|x86
		{F558CDF8-AA99-4B65-B30F-298BB650C3CB}.Debug|Any CPU.ActiveCfg = Debug|Any CPU
		{F558CDF8-AA99-4B65-B30F-298BB650C3CB}.Debug|Any CPU.Build.0 = Debug|Any CPU
		{F558CDF8-AA99-4B65-B30F-298BB650C3CB}.Debug|ARM.ActiveCfg = Debug|Any CPU
		{F558CDF8-AA99-4B65-B30F-298BB650C3CB}.Debug|ARM.Build.0 = Debug|Any CPU
		{F558CDF8-AA99-4B65-B30F-298BB650C3CB}.Debug|x64.ActiveCfg = Debug|Any CPU
		{F558CDF8-AA99-4B65-B30F-298BB650C3CB}.Debug|x64.Build.0 = Debug|Any CPU
		{F558CDF8-AA99-4B65-B30F-298BB650C3CB}.Debug|x86.ActiveCfg = Debug|Any CPU
		{F558CDF8-AA99-4B65-B30F-298BB650C3CB}.Debug|x86.Build.0 = Debug|Any CPU
		{F558CDF8-AA99-4B65-B30F-298BB650C3CB}.Release|Any CPU.ActiveCfg = Release|Any CPU
		{F558CDF8-AA99-4B65-B30F-298BB650C3CB}.Release|Any CPU.Build.0 = Release|Any CPU
		{F558CDF8-AA99-4B65-B30F-298BB650C3CB}.Release|ARM.ActiveCfg = Release|Any CPU
		{F558CDF8-AA99-4B65-B30F-298BB650C3CB}.Release|ARM.Build.0 = Release|Any CPU
		{F558CDF8-AA99-4B65-B30F-298BB650C3CB}.Release|x64.ActiveCfg = Release|Any CPU
		{F558CDF8-AA99-4B65-B30F-298BB650C3CB}.Release|x64.Build.0 = Release|Any CPU
		{F558CDF8-AA99-4B65-B30F-298BB650C3CB}.Release|x86.ActiveCfg = Release|Any CPU
		{F558CDF8-AA99-4B65-B30F-298BB650C3CB}.Release|x86.Build.0 = Release|Any CPU
		{67F9D3A8-F71E-4428-913F-C37AE82CDB24}.AppStore|Any CPU.ActiveCfg = Release|Any CPU
		{67F9D3A8-F71E-4428-913F-C37AE82CDB24}.AppStore|Any CPU.Build.0 = Release|Any CPU
		{67F9D3A8-F71E-4428-913F-C37AE82CDB24}.AppStore|ARM.ActiveCfg = Debug|Any CPU
		{67F9D3A8-F71E-4428-913F-C37AE82CDB24}.AppStore|ARM.Build.0 = Debug|Any CPU
		{67F9D3A8-F71E-4428-913F-C37AE82CDB24}.AppStore|x64.ActiveCfg = Release|Any CPU
		{67F9D3A8-F71E-4428-913F-C37AE82CDB24}.AppStore|x64.Build.0 = Release|Any CPU
		{67F9D3A8-F71E-4428-913F-C37AE82CDB24}.AppStore|x86.ActiveCfg = Release|Any CPU
		{67F9D3A8-F71E-4428-913F-C37AE82CDB24}.AppStore|x86.Build.0 = Release|Any CPU
		{67F9D3A8-F71E-4428-913F-C37AE82CDB24}.Debug|Any CPU.ActiveCfg = Debug|Any CPU
		{67F9D3A8-F71E-4428-913F-C37AE82CDB24}.Debug|Any CPU.Build.0 = Debug|Any CPU
		{67F9D3A8-F71E-4428-913F-C37AE82CDB24}.Debug|ARM.ActiveCfg = Debug|Any CPU
		{67F9D3A8-F71E-4428-913F-C37AE82CDB24}.Debug|ARM.Build.0 = Debug|Any CPU
		{67F9D3A8-F71E-4428-913F-C37AE82CDB24}.Debug|x64.ActiveCfg = Debug|Any CPU
		{67F9D3A8-F71E-4428-913F-C37AE82CDB24}.Debug|x64.Build.0 = Debug|Any CPU
		{67F9D3A8-F71E-4428-913F-C37AE82CDB24}.Debug|x86.ActiveCfg = Debug|Any CPU
		{67F9D3A8-F71E-4428-913F-C37AE82CDB24}.Debug|x86.Build.0 = Debug|Any CPU
		{67F9D3A8-F71E-4428-913F-C37AE82CDB24}.Release|Any CPU.ActiveCfg = Release|Any CPU
		{67F9D3A8-F71E-4428-913F-C37AE82CDB24}.Release|Any CPU.Build.0 = Release|Any CPU
		{67F9D3A8-F71E-4428-913F-C37AE82CDB24}.Release|ARM.ActiveCfg = Release|Any CPU
		{67F9D3A8-F71E-4428-913F-C37AE82CDB24}.Release|ARM.Build.0 = Release|Any CPU
		{67F9D3A8-F71E-4428-913F-C37AE82CDB24}.Release|x64.ActiveCfg = Release|Any CPU
		{67F9D3A8-F71E-4428-913F-C37AE82CDB24}.Release|x64.Build.0 = Release|Any CPU
		{67F9D3A8-F71E-4428-913F-C37AE82CDB24}.Release|x86.ActiveCfg = Release|Any CPU
		{67F9D3A8-F71E-4428-913F-C37AE82CDB24}.Release|x86.Build.0 = Release|Any CPU
		{B5CCA3B3-A231-450B-8A75-6400CDDB54C7}.AppStore|Any CPU.ActiveCfg = Release|Any CPU
		{B5CCA3B3-A231-450B-8A75-6400CDDB54C7}.AppStore|Any CPU.Build.0 = Release|Any CPU
		{B5CCA3B3-A231-450B-8A75-6400CDDB54C7}.AppStore|ARM.ActiveCfg = Debug|Any CPU
		{B5CCA3B3-A231-450B-8A75-6400CDDB54C7}.AppStore|ARM.Build.0 = Debug|Any CPU
		{B5CCA3B3-A231-450B-8A75-6400CDDB54C7}.AppStore|x64.ActiveCfg = Release|Any CPU
		{B5CCA3B3-A231-450B-8A75-6400CDDB54C7}.AppStore|x64.Build.0 = Release|Any CPU
		{B5CCA3B3-A231-450B-8A75-6400CDDB54C7}.AppStore|x86.ActiveCfg = Release|Any CPU
		{B5CCA3B3-A231-450B-8A75-6400CDDB54C7}.AppStore|x86.Build.0 = Release|Any CPU
		{B5CCA3B3-A231-450B-8A75-6400CDDB54C7}.Debug|Any CPU.ActiveCfg = Debug|Any CPU
		{B5CCA3B3-A231-450B-8A75-6400CDDB54C7}.Debug|Any CPU.Build.0 = Debug|Any CPU
		{B5CCA3B3-A231-450B-8A75-6400CDDB54C7}.Debug|ARM.ActiveCfg = Debug|Any CPU
		{B5CCA3B3-A231-450B-8A75-6400CDDB54C7}.Debug|ARM.Build.0 = Debug|Any CPU
		{B5CCA3B3-A231-450B-8A75-6400CDDB54C7}.Debug|x64.ActiveCfg = Debug|Any CPU
		{B5CCA3B3-A231-450B-8A75-6400CDDB54C7}.Debug|x64.Build.0 = Debug|Any CPU
		{B5CCA3B3-A231-450B-8A75-6400CDDB54C7}.Debug|x86.ActiveCfg = Debug|Any CPU
		{B5CCA3B3-A231-450B-8A75-6400CDDB54C7}.Debug|x86.Build.0 = Debug|Any CPU
		{B5CCA3B3-A231-450B-8A75-6400CDDB54C7}.Release|Any CPU.ActiveCfg = Release|Any CPU
		{B5CCA3B3-A231-450B-8A75-6400CDDB54C7}.Release|Any CPU.Build.0 = Release|Any CPU
		{B5CCA3B3-A231-450B-8A75-6400CDDB54C7}.Release|ARM.ActiveCfg = Release|Any CPU
		{B5CCA3B3-A231-450B-8A75-6400CDDB54C7}.Release|ARM.Build.0 = Release|Any CPU
		{B5CCA3B3-A231-450B-8A75-6400CDDB54C7}.Release|x64.ActiveCfg = Release|Any CPU
		{B5CCA3B3-A231-450B-8A75-6400CDDB54C7}.Release|x64.Build.0 = Release|Any CPU
		{B5CCA3B3-A231-450B-8A75-6400CDDB54C7}.Release|x86.ActiveCfg = Release|Any CPU
		{B5CCA3B3-A231-450B-8A75-6400CDDB54C7}.Release|x86.Build.0 = Release|Any CPU
		{2B437108-1124-42D2-AF03-3A68218E5C3D}.AppStore|Any CPU.ActiveCfg = Release|Any CPU
		{2B437108-1124-42D2-AF03-3A68218E5C3D}.AppStore|Any CPU.Build.0 = Release|Any CPU
		{2B437108-1124-42D2-AF03-3A68218E5C3D}.AppStore|ARM.ActiveCfg = Debug|Any CPU
		{2B437108-1124-42D2-AF03-3A68218E5C3D}.AppStore|ARM.Build.0 = Debug|Any CPU
		{2B437108-1124-42D2-AF03-3A68218E5C3D}.AppStore|x64.ActiveCfg = Release|Any CPU
		{2B437108-1124-42D2-AF03-3A68218E5C3D}.AppStore|x64.Build.0 = Release|Any CPU
		{2B437108-1124-42D2-AF03-3A68218E5C3D}.AppStore|x86.ActiveCfg = Release|Any CPU
		{2B437108-1124-42D2-AF03-3A68218E5C3D}.AppStore|x86.Build.0 = Release|Any CPU
		{2B437108-1124-42D2-AF03-3A68218E5C3D}.Debug|Any CPU.ActiveCfg = Debug|Any CPU
		{2B437108-1124-42D2-AF03-3A68218E5C3D}.Debug|Any CPU.Build.0 = Debug|Any CPU
		{2B437108-1124-42D2-AF03-3A68218E5C3D}.Debug|ARM.ActiveCfg = Debug|Any CPU
		{2B437108-1124-42D2-AF03-3A68218E5C3D}.Debug|ARM.Build.0 = Debug|Any CPU
		{2B437108-1124-42D2-AF03-3A68218E5C3D}.Debug|x64.ActiveCfg = Debug|Any CPU
		{2B437108-1124-42D2-AF03-3A68218E5C3D}.Debug|x64.Build.0 = Debug|Any CPU
		{2B437108-1124-42D2-AF03-3A68218E5C3D}.Debug|x86.ActiveCfg = Debug|Any CPU
		{2B437108-1124-42D2-AF03-3A68218E5C3D}.Debug|x86.Build.0 = Debug|Any CPU
		{2B437108-1124-42D2-AF03-3A68218E5C3D}.Release|Any CPU.ActiveCfg = Release|Any CPU
		{2B437108-1124-42D2-AF03-3A68218E5C3D}.Release|Any CPU.Build.0 = Release|Any CPU
		{2B437108-1124-42D2-AF03-3A68218E5C3D}.Release|ARM.ActiveCfg = Release|Any CPU
		{2B437108-1124-42D2-AF03-3A68218E5C3D}.Release|ARM.Build.0 = Release|Any CPU
		{2B437108-1124-42D2-AF03-3A68218E5C3D}.Release|x64.ActiveCfg = Release|Any CPU
		{2B437108-1124-42D2-AF03-3A68218E5C3D}.Release|x64.Build.0 = Release|Any CPU
		{2B437108-1124-42D2-AF03-3A68218E5C3D}.Release|x86.ActiveCfg = Release|Any CPU
		{2B437108-1124-42D2-AF03-3A68218E5C3D}.Release|x86.Build.0 = Release|Any CPU
		{B3BA326A-3E8C-404B-9D1F-C0E96A5B3EEA}.AppStore|Any CPU.ActiveCfg = Release|Any CPU
		{B3BA326A-3E8C-404B-9D1F-C0E96A5B3EEA}.AppStore|Any CPU.Build.0 = Release|Any CPU
		{B3BA326A-3E8C-404B-9D1F-C0E96A5B3EEA}.AppStore|ARM.ActiveCfg = Release|ARM
		{B3BA326A-3E8C-404B-9D1F-C0E96A5B3EEA}.AppStore|ARM.Build.0 = Release|ARM
		{B3BA326A-3E8C-404B-9D1F-C0E96A5B3EEA}.AppStore|x64.ActiveCfg = Release|x64
		{B3BA326A-3E8C-404B-9D1F-C0E96A5B3EEA}.AppStore|x64.Build.0 = Release|x64
		{B3BA326A-3E8C-404B-9D1F-C0E96A5B3EEA}.AppStore|x86.ActiveCfg = Release|x86
		{B3BA326A-3E8C-404B-9D1F-C0E96A5B3EEA}.AppStore|x86.Build.0 = Release|x86
		{B3BA326A-3E8C-404B-9D1F-C0E96A5B3EEA}.Debug|Any CPU.ActiveCfg = Debug|Any CPU
		{B3BA326A-3E8C-404B-9D1F-C0E96A5B3EEA}.Debug|Any CPU.Build.0 = Debug|Any CPU
		{B3BA326A-3E8C-404B-9D1F-C0E96A5B3EEA}.Debug|ARM.ActiveCfg = Debug|ARM
		{B3BA326A-3E8C-404B-9D1F-C0E96A5B3EEA}.Debug|ARM.Build.0 = Debug|ARM
		{B3BA326A-3E8C-404B-9D1F-C0E96A5B3EEA}.Debug|x64.ActiveCfg = Debug|x64
		{B3BA326A-3E8C-404B-9D1F-C0E96A5B3EEA}.Debug|x64.Build.0 = Debug|x64
		{B3BA326A-3E8C-404B-9D1F-C0E96A5B3EEA}.Debug|x86.ActiveCfg = Debug|x86
		{B3BA326A-3E8C-404B-9D1F-C0E96A5B3EEA}.Debug|x86.Build.0 = Debug|x86
		{B3BA326A-3E8C-404B-9D1F-C0E96A5B3EEA}.Release|Any CPU.ActiveCfg = Release|Any CPU
		{B3BA326A-3E8C-404B-9D1F-C0E96A5B3EEA}.Release|Any CPU.Build.0 = Release|Any CPU
		{B3BA326A-3E8C-404B-9D1F-C0E96A5B3EEA}.Release|ARM.ActiveCfg = Release|ARM
		{B3BA326A-3E8C-404B-9D1F-C0E96A5B3EEA}.Release|ARM.Build.0 = Release|ARM
		{B3BA326A-3E8C-404B-9D1F-C0E96A5B3EEA}.Release|x64.ActiveCfg = Release|x64
		{B3BA326A-3E8C-404B-9D1F-C0E96A5B3EEA}.Release|x64.Build.0 = Release|x64
		{B3BA326A-3E8C-404B-9D1F-C0E96A5B3EEA}.Release|x86.ActiveCfg = Release|x86
		{B3BA326A-3E8C-404B-9D1F-C0E96A5B3EEA}.Release|x86.Build.0 = Release|x86
		{462E461D-E450-4D3E-8273-E6E2AF3F5CEC}.AppStore|Any CPU.ActiveCfg = Release|Any CPU
		{462E461D-E450-4D3E-8273-E6E2AF3F5CEC}.AppStore|Any CPU.Build.0 = Release|Any CPU
		{462E461D-E450-4D3E-8273-E6E2AF3F5CEC}.AppStore|ARM.ActiveCfg = Release|Any CPU
		{462E461D-E450-4D3E-8273-E6E2AF3F5CEC}.AppStore|ARM.Build.0 = Release|Any CPU
		{462E461D-E450-4D3E-8273-E6E2AF3F5CEC}.AppStore|x64.ActiveCfg = Release|Any CPU
		{462E461D-E450-4D3E-8273-E6E2AF3F5CEC}.AppStore|x64.Build.0 = Release|Any CPU
		{462E461D-E450-4D3E-8273-E6E2AF3F5CEC}.AppStore|x86.ActiveCfg = Release|Any CPU
		{462E461D-E450-4D3E-8273-E6E2AF3F5CEC}.AppStore|x86.Build.0 = Release|Any CPU
		{462E461D-E450-4D3E-8273-E6E2AF3F5CEC}.Debug|Any CPU.ActiveCfg = Debug|Any CPU
		{462E461D-E450-4D3E-8273-E6E2AF3F5CEC}.Debug|Any CPU.Build.0 = Debug|Any CPU
		{462E461D-E450-4D3E-8273-E6E2AF3F5CEC}.Debug|ARM.ActiveCfg = Debug|Any CPU
		{462E461D-E450-4D3E-8273-E6E2AF3F5CEC}.Debug|ARM.Build.0 = Debug|Any CPU
		{462E461D-E450-4D3E-8273-E6E2AF3F5CEC}.Debug|x64.ActiveCfg = Debug|Any CPU
		{462E461D-E450-4D3E-8273-E6E2AF3F5CEC}.Debug|x64.Build.0 = Debug|Any CPU
		{462E461D-E450-4D3E-8273-E6E2AF3F5CEC}.Debug|x86.ActiveCfg = Debug|Any CPU
		{462E461D-E450-4D3E-8273-E6E2AF3F5CEC}.Debug|x86.Build.0 = Debug|Any CPU
		{462E461D-E450-4D3E-8273-E6E2AF3F5CEC}.Release|Any CPU.ActiveCfg = Release|Any CPU
		{462E461D-E450-4D3E-8273-E6E2AF3F5CEC}.Release|Any CPU.Build.0 = Release|Any CPU
		{462E461D-E450-4D3E-8273-E6E2AF3F5CEC}.Release|ARM.ActiveCfg = Release|Any CPU
		{462E461D-E450-4D3E-8273-E6E2AF3F5CEC}.Release|ARM.Build.0 = Release|Any CPU
		{462E461D-E450-4D3E-8273-E6E2AF3F5CEC}.Release|x64.ActiveCfg = Release|Any CPU
		{462E461D-E450-4D3E-8273-E6E2AF3F5CEC}.Release|x64.Build.0 = Release|Any CPU
		{462E461D-E450-4D3E-8273-E6E2AF3F5CEC}.Release|x86.ActiveCfg = Release|Any CPU
		{462E461D-E450-4D3E-8273-E6E2AF3F5CEC}.Release|x86.Build.0 = Release|Any CPU
	EndGlobalSection
	GlobalSection(SolutionProperties) = preSolution
		HideSolutionNode = FALSE
	EndGlobalSection
EndGlobal
